
Microsoft Visual Studio Solution File, Format Version 12.00
# Visual Studio 15
VisualStudioVersion = 15.0.27004.2005
MinimumVisualStudioVersion = 10.0.40219.1
Project("{FAE04EC0-301F-11D3-BF4B-00C04F79EFBC}") = "PanchayatWebPortal", "PetaStarter\PanchayatWebPortal.csproj", "{099255E6-6BC1-413A-8962-7644DB06BB50}"
EndProject
Project("{00D1A9C2-B5F0-4AF3-8072-F6C62B433612}") = "PanchayatDB", "PanchayatDB\PanchayatDB.sqlproj", "{8516C34E-B17A-4FC9-86E3-21D9A3E34F5D}"
EndProject
Global
	GlobalSection(SolutionConfigurationPlatforms) = preSolution
		Debug|Any CPU = Debug|Any CPU
		Release|Any CPU = Release|Any CPU
	EndGlobalSection
	GlobalSection(ProjectConfigurationPlatforms) = postSolution
		{099255E6-6BC1-413A-8962-7644DB06BB50}.Debug|Any CPU.ActiveCfg = Debug|Any CPU
		{099255E6-6BC1-413A-8962-7644DB06BB50}.Debug|Any CPU.Build.0 = Debug|Any CPU
		{099255E6-6BC1-413A-8962-7644DB06BB50}.Release|Any CPU.ActiveCfg = Release|Any CPU
		{099255E6-6BC1-413A-8962-7644DB06BB50}.Release|Any CPU.Build.0 = Release|Any CPU
		{8516C34E-B17A-4FC9-86E3-21D9A3E34F5D}.Debug|Any CPU.ActiveCfg = Debug|Any CPU
		{8516C34E-B17A-4FC9-86E3-21D9A3E34F5D}.Debug|Any CPU.Build.0 = Debug|Any CPU
		{8516C34E-B17A-4FC9-86E3-21D9A3E34F5D}.Debug|Any CPU.Deploy.0 = Debug|Any CPU
		{8516C34E-B17A-4FC9-86E3-21D9A3E34F5D}.Release|Any CPU.ActiveCfg = Release|Any CPU
		{8516C34E-B17A-4FC9-86E3-21D9A3E34F5D}.Release|Any CPU.Build.0 = Release|Any CPU
		{8516C34E-B17A-4FC9-86E3-21D9A3E34F5D}.Release|Any CPU.Deploy.0 = Release|Any CPU
	EndGlobalSection
	GlobalSection(SolutionProperties) = preSolution
		HideSolutionNode = FALSE
	EndGlobalSection
	GlobalSection(ExtensibilityGlobals) = postSolution
		SolutionGuid = {16E1557A-D1BC-41EA-A816-F41156DD267B}
	EndGlobalSection
EndGlobal
